
Microsoft Visual Studio Solution File, Format Version 12.00
# Visual Studio Version 16
VisualStudioVersion = 16.0.30320.27
MinimumVisualStudioVersion = 10.0.40219.1
Project("{9A19103F-16F7-4668-BE54-9A1E7A4F7556}") = "Frasterizer.UI", "Frasterizer.UI\Frasterizer.UI.csproj", "{339BE868-86E8-4CD8-BE9C-8ED14B05F5A5}"
EndProject
Project("{FAE04EC0-301F-11D3-BF4B-00C04F79EFBC}") = "Frasterizer", "Frasterizer\Frasterizer.csproj", "{3BB8788D-13B4-4714-BD4F-D341C0BA81C1}"
EndProject
Project("{FAE04EC0-301F-11D3-BF4B-00C04F79EFBC}") = "Frasterizer.CLI", "Frasterizer.CLI\Frasterizer.CLI.csproj", "{10B981CC-0C96-472B-88BE-2551109EF6B7}"
EndProject
Global
	GlobalSection(SolutionConfigurationPlatforms) = preSolution
		Debug|Any CPU = Debug|Any CPU
		Release|Any CPU = Release|Any CPU
	EndGlobalSection
	GlobalSection(ProjectConfigurationPlatforms) = postSolution
		{339BE868-86E8-4CD8-BE9C-8ED14B05F5A5}.Debug|Any CPU.ActiveCfg = Debug|Any CPU
		{339BE868-86E8-4CD8-BE9C-8ED14B05F5A5}.Debug|Any CPU.Build.0 = Debug|Any CPU
		{339BE868-86E8-4CD8-BE9C-8ED14B05F5A5}.Release|Any CPU.ActiveCfg = Release|Any CPU
		{339BE868-86E8-4CD8-BE9C-8ED14B05F5A5}.Release|Any CPU.Build.0 = Release|Any CPU
		{3BB8788D-13B4-4714-BD4F-D341C0BA81C1}.Debug|Any CPU.ActiveCfg = Debug|Any CPU
		{3BB8788D-13B4-4714-BD4F-D341C0BA81C1}.Debug|Any CPU.Build.0 = Debug|Any CPU
		{3BB8788D-13B4-4714-BD4F-D341C0BA81C1}.Release|Any CPU.ActiveCfg = Release|Any CPU
		{3BB8788D-13B4-4714-BD4F-D341C0BA81C1}.Release|Any CPU.Build.0 = Release|Any CPU
		{10B981CC-0C96-472B-88BE-2551109EF6B7}.Debug|Any CPU.ActiveCfg = Debug|Any CPU
		{10B981CC-0C96-472B-88BE-2551109EF6B7}.Debug|Any CPU.Build.0 = Debug|Any CPU
		{10B981CC-0C96-472B-88BE-2551109EF6B7}.Release|Any CPU.ActiveCfg = Release|Any CPU
		{10B981CC-0C96-472B-88BE-2551109EF6B7}.Release|Any CPU.Build.0 = Release|Any CPU
	EndGlobalSection
	GlobalSection(SolutionProperties) = preSolution
		HideSolutionNode = FALSE
	EndGlobalSection
	GlobalSection(ExtensibilityGlobals) = postSolution
		SolutionGuid = {0B1B6AC2-69C3-4D8F-9342-152D9C11C9CB}
	EndGlobalSection
EndGlobal
